
Microsoft Visual Studio Solution File, Format Version 12.00
# Visual Studio Version 17
VisualStudioVersion = 17.4.33205.214
MinimumVisualStudioVersion = 10.0.40219.1
Project("{FAE04EC0-301F-11D3-BF4B-00C04F79EFBC}") = "ReadAndWriteFromATextFile", "ReadAndWriteFromATextFile\ReadAndWriteFromATextFile.csproj", "{193120AE-2106-4D64-81AB-21F3C854FBFC}"
EndProject
Global
	GlobalSection(SolutionConfigurationPlatforms) = preSolution
		Debug|Any CPU = Debug|Any CPU
		Release|Any CPU = Release|Any CPU
	EndGlobalSection
	GlobalSection(ProjectConfigurationPlatforms) = postSolution
		{193120AE-2106-4D64-81AB-21F3C854FBFC}.Debug|Any CPU.ActiveCfg = Debug|Any CPU
		{193120AE-2106-4D64-81AB-21F3C854FBFC}.Debug|Any CPU.Build.0 = Debug|Any CPU
		{193120AE-2106-4D64-81AB-21F3C854FBFC}.Release|Any CPU.ActiveCfg = Release|Any CPU
		{193120AE-2106-4D64-81AB-21F3C854FBFC}.Release|Any CPU.Build.0 = Release|Any CPU
	EndGlobalSection
	GlobalSection(SolutionProperties) = preSolution
		HideSolutionNode = FALSE
	EndGlobalSection
	GlobalSection(ExtensibilityGlobals) = postSolution
		SolutionGuid = {F9ADEDE1-5E68-4214-A01C-54443A22022E}
	EndGlobalSection
EndGlobal
